version = 1
revision = 3
requires-python = ">=3.12"

[[package]]
name = "anyio"
version = "4.13.0"
source = { registry = "https://pypi.org/simple" }
dependencies = [
    { name = "idna" },
    { name = "typing-extensions", marker = "python_full_version < '3.13'" },
]
sdist = { url = "https://files.pythonhosted.org/packages/19/14/2c5dd9f512b66549ae92767a9c7b330ae88e1932ca57876909410251fe13/anyio-4.13.0.tar.gz", hash = "sha256:334b70e641fd2221c1505b3890c69882fe4a2df910cba14d97019b90b24439dc", size = 231622, upload-time = "2026-03-24T12:59:09.671Z" }
wheels = [
    { url = "https://files.pythonhosted.org/packages/da/42/e921fccf5015463e32a3cf6ee7f980a6ed0f395ceeaa45060b61d86486c2/anyio-4.13.0-py3-none-any.whl", hash = "sha256:08b310f9e24a9594186fd75b4f73f4a4152069e3853f1ed8bfbf58369f4ad708", size = 114353, upload-time = "2026-03-24T12:59:08.246Z" },
]

[[package]]
name = "certifi"
version = "2026.2.25"
source = { registry = "https://pypi.org/simple" }
sdist = { url = "https://files.pythonhosted.org/packages/af/2d/7bf41579a8986e348fa033a31cdd0e4121114f6bce2457e8876010b092dd/certifi-2026.2.25.tar.gz", hash = "sha256:e887ab5cee78ea814d3472169153c2d12cd43b14bd03329a39a9c6e2e80bfba7", size = 155029, upload-time = "2026-02-25T02:54:17.342Z" }
wheels = [
    { url = "https://files.pythonhosted.org/packages/9a/3c/c17fb3ca2d9c3acff52e30b309f538586f9f5b9c9cf454f3845fc9af4881/certifi-2026.2.25-py3-none-any.whl", hash = "sha256:027692e4402ad994f1c42e52a4997a9763c646b73e4096e4d5d6db8af1d6f0fa", size = 153684, upload-time = "2026-02-25T02:54:15.766Z" },
]

[[package]]
name = "click"
version = "8.3.1"
source = { registry = "https://pypi.org/simple" }
dependencies = [
    { name = "colorama", marker = "sys_platform == 'win32'" },
]
sdist = { url = "https://files.pythonhosted.org/packages/3d/fa/656b739db8587d7b5dfa22e22ed02566950fbfbcdc20311993483657a5c0/click-8.3.1.tar.gz", hash = "sha256:12ff4785d337a1bb490bb7e9c2b1ee5da3112e94a8622f26a6c77f5d2fc6842a", size = 295065, upload-time = "2025-11-15T20:45:42.706Z" }
wheels = [
    { url = "https://files.pythonhosted.org/packages/98/78/01c019cdb5d6498122777c1a43056ebb3ebfeef2076d9d026bfe15583b2b/click-8.3.1-py3-none-any.whl", hash = "sha256:981153a64e25f12d547d3426c367a4857371575ee7ad18df2a6183ab0545b2a6", size = 108274, upload-time = "2025-11-15T20:45:41.139Z" },
]

[[package]]
name = "colorama"
version = "0.4.6"
source = { registry = "https://pypi.org/simple" }
sdist = { url = "https://files.pythonhosted.org/packages/d8/53/6f443c9a4a8358a93a6792e2acffb9d9d5cb0a5cfd8802644b7b1c9a02e4/colorama-0.4.6.tar.gz", hash = "sha256:08695f5cb7ed6e0531a20572697297273c47b8cae5a63ffc6d6ed5c201be6e44", size = 27697, upload-time = "2022-10-25T02:36:22.414Z" }
wheels = [
    { url = "https://files.pythonhosted.org/packages/d1/d6/3965ed04c63042e047cb6a3e6ed1a63a35087b6a609aa3a15ed8ac56c221/colorama-0.4.6-py2.py3-none-any.whl", hash = "sha256:4f1d9991f5acc0ca119f9d443620b77f9d6b33703e51011c16baf57afb285fc6", size = 25335, upload-time = "2022-10-25T02:36:20.889Z" },
]

[[package]]
name = "granian"
version = "2.7.2"
source = { registry = "https://pypi.org/simple" }
dependencies = [
    { name = "click" },
]
sdist = { url = "https://files.pythonhosted.org/packages/57/19/d4ea523715ba8dd2ed295932cc3dda6bb197060f78aada6e886ff08587b2/granian-2.7.2.tar.gz", hash = "sha256:cdae2f3a26fa998d41fefad58f1d1c84a0b035a6cc9377addd81b51ba82f927f", size = 128969, upload-time = "2026-02-24T23:04:23.314Z" }
wheels = [
    { url = "https://files.pythonhosted.org/packages/ec/ed/37f5d7d887ec9159dd8f5b1c9c38cee711d51016d203959f2d51c536a33b/granian-2.7.2-cp312-cp312-macosx_10_12_x86_64.whl", hash = "sha256:a836f3f8ebfe61cb25d9afb655f2e5d3851154fd2ad97d47bb4fb202817212fc", size = 6451593, upload-time = "2026-02-24T23:02:36.203Z" },
    { url = "https://files.pythonhosted.org/packages/1e/06/84ee67a68504836a52c48ec3b4b2b406cbd927c9b43aae89d82db8d097a0/granian-2.7.2-cp312-cp312-macosx_11_0_arm64.whl", hash = "sha256:09b1c543ba30886dea515a156baf6d857bbb8b57dbfd8b012c578b93c80ef0c3", size = 6101239, upload-time = "2026-02-24T23:02:37.636Z" },
    { url = "https://files.pythonhosted.org/packages/ed/50/ece7dc8efe144542cd626b88b1475b649e2eaa3eb5f7541ca57390151b05/granian-2.7.2-cp312-cp312-manylinux_2_17_armv7l.manylinux2014_armv7l.whl", hash = "sha256:6d334d4fbefb97001e78aa8067deafb107b867c102ba2120b4b2ec989fa58a89", size = 7079443, upload-time = "2026-02-24T23:02:39.651Z" },
    { url = "https://files.pythonhosted.org/packages/7e/e8/0f37b531d3cc96b8538cca2dc86eda92102e0ee345b30aa689354194a4cb/granian-2.7.2-cp312-cp312-manylinux_2_17_i686.manylinux2014_i686.whl", hash = "sha256:8c86081d8c87989db69650e9d0e50ed925b8cd5dad21e0a86aa72d7a45f45925", size = 6428683, upload-time = "2026-02-24T23:02:41.827Z" },
    { url = "https://files.pythonhosted.org/packages/47/09/228626706554b389407270e2a6b19b7dee06d6890e8c01a39c6a785827fd/granian-2.7.2-cp312-cp312-manylinux_2_17_x86_64.manylinux2014_x86_64.whl", hash = "sha256:d9eda33dca2c8bc6471bb6e9e25863077bca3877a1bba4069cd5e0ee2de41765", size = 6959520, upload-time = "2026-02-24T23:02:43.488Z" },
    { url = "https://files.pythonhosted.org/packages/61/c0/a639ceabd59b8acae2d71b5c918fcb2d42f8ef98994eedcf9a8b6813731d/granian-2.7.2-cp312-cp312-manylinux_2_28_aarch64.whl", hash = "sha256:9cf69aaff6f632074ffbe7c1ee214e50f64be36101b7cb8253eeec1d460f2dba", size = 6991548, upload-time = "2026-02-24T23:02:44.954Z" },
    { url = "https://files.pythonhosted.org/packages/b1/99/a35ed838a3095dcad02ae3944d19ebafe1d5a98cdc72bb61835fb5faf933/granian-2.7.2-cp312-cp312-musllinux_1_1_aarch64.whl", hash = "sha256:f761a748cc7f3843b430422d2539da679daf5d3ef0259a101b90d5e55a0aafa7", size = 7121475, upload-time = "2026-02-24T23:02:46.991Z" },
    { url = "https://files.pythonhosted.org/packages/ce/24/3952c464432b904ec1cf537d2bd80d2dfde85524fa428ab9db2b5afe653c/granian-2.7.2-cp312-cp312-musllinux_1_1_armv7l.whl", hash = "sha256:41c7b8390b78647fe34662ed7296e1465dad4a5112af9b0ecf8e367083d6c76a", size = 7243647, upload-time = "2026-02-24T23:02:49.165Z" },
    { url = "https://files.pythonhosted.org/packages/c9/fa/ab39e39c6b78eab6b42cf5bb36f56badde2aaafc3807f03f781d00e7861a/granian-2.7.2-cp312-cp312-musllinux_1_1_x86_64.whl", hash = "sha256:a052ed466da5922cb443435a95a0c751566943278a6f22cef3d2e19d4e7ecdea", size = 7048915, upload-time = "2026-02-24T23:02:50.773Z" },
    { url = "https://files.pythonhosted.org/packages/39/64/4502918f7d92a7e668d9e2fba83e2decbbf44c8ea896bacd8551d64f1d29/granian-2.7.2-cp312-cp312-win_amd64.whl", hash = "sha256:1e438096c36ed6aa4f6c0c8dde22bebe08ac008d08257517b15182c262a08cfa", size = 4150398, upload-time = "2026-02-24T23:02:52.199Z" },
    { url = "https://files.pythonhosted.org/packages/ab/bc/cf0bc29f583096a842cf0f26ae2fe40c72ed5286d4548be99ecfcdbb17e2/granian-2.7.2-cp313-cp313-macosx_10_12_x86_64.whl", hash = "sha256:76b840ff13dde8838fd33cd096f2e7cadf2c21a499a67f695f53de57deab6ff8", size = 6440868, upload-time = "2026-02-24T23:02:53.619Z" },
    { url = "https://files.pythonhosted.org/packages/2f/0d/bae1dcd2182ba5d9a5df33eb50b56dc5bbe67e31033d822e079aa8c1ff30/granian-2.7.2-cp313-cp313-macosx_11_0_arm64.whl", hash = "sha256:00ccc8d7284bc7360f310179d0b4d17e5ca3077bbe24427e9e9310df397e3831", size = 6097336, upload-time = "2026-02-24T23:02:55.185Z" },
    { url = "https://files.pythonhosted.org/packages/65/7d/3e0a7f32b0ad5faa1d847c51191391552fa239821c95fc7c022688985df2/granian-2.7.2-cp313-cp313-manylinux_2_17_armv7l.manylinux2014_armv7l.whl", hash = "sha256:675987c1b321dc8af593db8639e00c25277449b32e8c1b2ddd46b35f28d9fac4", size = 7098742, upload-time = "2026-02-24T23:02:57.898Z" },
    { url = "https://files.pythonhosted.org/packages/89/41/3b44386d636ac6467f0f13f45474c71fc3b90a4f0ba8b536de91b2845a09/granian-2.7.2-cp313-cp313-manylinux_2_17_i686.manylinux2014_i686.whl", hash = "sha256:681c6fbe3354aaa6251e6191ec89f5174ac3b9fbc4b4db606fea456d01969fcb", size = 6430667, upload-time = "2026-02-24T23:02:59.789Z" },
    { url = "https://files.pythonhosted.org/packages/52/70/7b24e187aed3fb7ac2b29d2480a045559a509ef9fec54cffb8694a2d94af/granian-2.7.2-cp313-cp313-manylinux_2_17_x86_64.manylinux2014_x86_64.whl", hash = "sha256:8e5c9ae65af5e572dca27d8ca0da4c5180b08473ac47e6f5329699e9455a5cc3", size = 6948424, upload-time = "2026-02-24T23:03:01.406Z" },
    { url = "https://files.pythonhosted.org/packages/fa/4c/cb74c367f9efb874f2c8433fe9bf3e824f05cf719f2251d40e29e07f08c0/granian-2.7.2-cp313-cp313-manylinux_2_28_aarch64.whl", hash = "sha256:e37fab2be919ceb195db00d7f49ec220444b1ecaa07c03f7c1c874cacff9de83", size = 7000407, upload-time = "2026-02-24T23:03:03.214Z" },
    { url = "https://files.pythonhosted.org/packages/58/98/dfed3966ed7fbd3aae56e123598f90dc206484092b8373d0a71e2d8b82a8/granian-2.7.2-cp313-cp313-musllinux_1_1_aarch64.whl", hash = "sha256:8ec167ab30f5396b5caaff16820a39f4e91986d2fe5bdc02992a03c2b2b2b313", size = 7121626, upload-time = "2026-02-24T23:03:05.349Z" },
    { url = "https://files.pythonhosted.org/packages/39/82/acec732a345cd03b2f6e48ac04b66b7b8b61f5c50eb08d7421fc8c56591a/granian-2.7.2-cp313-cp313-musllinux_1_1_armv7l.whl", hash = "sha256:63f426d793f2116d23be265dd826bec1e623680baf94cc270fe08923113a86ba", size = 7253447, upload-time = "2026-02-24T23:03:06.986Z" },
    { url = "https://files.pythonhosted.org/packages/c5/2b/64779e69b08c1ff1bfc09a4ede904ab761ff63f936c275710886057c52f7/granian-2.7.2-cp313-cp313-musllinux_1_1_x86_64.whl", hash = "sha256:1617cbb4efe3112f07fb6762cf81d2d9fe4bdb78971d1fd0a310f8b132f6a51e", size = 7053005, upload-time = "2026-02-24T23:03:09.021Z" },
    { url = "https://files.pythonhosted.org/packages/04/c9/83e546d5f6b0447a4b9ee48ce15c29e43bb3f6b5e1040d33ac61fc9e3b6f/granian-2.7.2-cp313-cp313-win_amd64.whl", hash = "sha256:7a4bd347694ace7a48cd784b911f2d519c2a22154e0d1ed59f5b4864914a8cfe", size = 4145886, upload-time = "2026-02-24T23:03:10.829Z" },
    { url = "https://files.pythonhosted.org/packages/4c/49/9eb88875d709db7e7844e1c681546448dab5ff5651cd1c1d80ac4b1de4e3/granian-2.7.2-cp313-cp313t-macosx_10_12_x86_64.whl", hash = "sha256:016c5857c8baedeab7eb065f98417f5ea26bb72b0f7e0544fe76071efc5ab255", size = 6401748, upload-time = "2026-02-24T23:03:12.802Z" },
    { url = "https://files.pythonhosted.org/packages/e3/80/85726ad9999ed89cb6a32f7f57eb50ce7261459d9c30c3b194ae4c5aa2c5/granian-2.7.2-cp313-cp313t-macosx_11_0_arm64.whl", hash = "sha256:dcbe01fa141adf3f90964e86a959e250754aa7c6dad8fa7a855e6fd382de4c13", size = 6101265, upload-time = "2026-02-24T23:03:14.435Z" },
    { url = "https://files.pythonhosted.org/packages/07/82/0df56a42b9f4c327d0e0b052f43369127e1b565b9e66bf2c9488f1c8d759/granian-2.7.2-cp313-cp313t-manylinux_2_12_i686.manylinux2010_i686.whl", hash = "sha256:283ba23817a685784b66f45423d2f25715fdc076c8ffb43c49a807ee56a0ffc0", size = 6249488, upload-time = "2026-02-24T23:03:16.387Z" },
    { url = "https://files.pythonhosted.org/packages/ef/cc/d83a351560a3d6377672636129c52f06f8393f5831c5ee0f06f274883ea6/granian-2.7.2-cp313-cp313t-manylinux_2_17_armv7l.manylinux2014_armv7l.whl", hash = "sha256:3258419c741897273ce155568b5a9cbacb7700a00516e87119a90f7d520d6783", size = 7104734, upload-time = "2026-02-24T23:03:17.993Z" },
    { url = "https://files.pythonhosted.org/packages/84/d1/539907ee96d0ee2bcceabb4a6a9643b75378d6dfea09b7a9e4fd22cdf977/granian-2.7.2-cp313-cp313t-manylinux_2_17_x86_64.manylinux2014_x86_64.whl", hash = "sha256:a196125c4837491c139c9cc83541b48c408c92b9cfbbf004fd28717f9c02ad21", size = 6785504, upload-time = "2026-02-24T23:03:19.763Z" },
    { url = "https://files.pythonhosted.org/packages/86/bf/4b6f45882f8341e7c6cb824d693deb94c306be6525b483c76fb373d1e749/granian-2.7.2-cp313-cp313t-manylinux_2_28_aarch64.whl", hash = "sha256:746555ac8a2dcd9257bfe7ad58f1d7a60892bc4613df6a7d8f736692b3bb3b88", size = 6902790, upload-time = "2026-02-24T23:03:22.215Z" },
    { url = "https://files.pythonhosted.org/packages/44/b8/832970d2d4b144b87be39f5b9dfd31fdb17f298dc238a0b2100c95002cf8/granian-2.7.2-cp313-cp313t-musllinux_1_1_aarch64.whl", hash = "sha256:5ac1843c6084933a54a07d9dcae643365f1d83aaff3fd4f2676ea301185e4e8b", size = 7082682, upload-time = "2026-02-24T23:03:23.875Z" },
    { url = "https://files.pythonhosted.org/packages/38/bc/1521dbf026d1c9d2465cd54e016efd8ff6e1e72eff521071dab20dd61c44/granian-2.7.2-cp313-cp313t-musllinux_1_1_armv7l.whl", hash = "sha256:3612eb6a3f4351dd2c4df246ed0d21056c0556a6b1ed772dd865310aa55a9ba9", size = 7264742, upload-time = "2026-02-24T23:03:25.562Z" },
    { url = "https://files.pythonhosted.org/packages/19/ae/00884ab77045a2f54db90932f9d1ca522201e2a6b2cf2a9b38840db0fd54/granian-2.7.2-cp313-cp313t-musllinux_1_1_x86_64.whl", hash = "sha256:34708b145e31b4538e0556704a07454a76d6776c55c5bc3a1335e80ef6b3bae3", size = 7062571, upload-time = "2026-02-24T23:03:27.278Z" },
    { url = "https://files.pythonhosted.org/packages/ee/0e/4321e361bccb9681e1045c75e783476de5be7aa47cf05066907530772eba/granian-2.7.2-cp313-cp313t-win_amd64.whl", hash = "sha256:841c48608e55daa2fa434392397cc24175abd48bc5bcefa1e4f74b7243e36c72", size = 4098734, upload-time = "2026-02-24T23:03:28.973Z" },
    { url = "https://files.pythonhosted.org/packages/69/4a/8ce622f4f7d58e035d121b9957dd5a8929028dc99cfc5d2bf7f2aa28912c/granian-2.7.2-cp314-cp314-macosx_10_12_x86_64.whl", hash = "sha256:592806c28c491f9c1d1501bac706ecf5e72b73969f20f912678d53308786d658", size = 6442041, upload-time = "2026-02-24T23:03:30.986Z" },
    { url = "https://files.pythonhosted.org/packages/27/62/7d36ed38a40a68c2856b6d2a6fedd40833e7f82eb90ba0d03f2d69ffadf5/granian-2.7.2-cp314-cp314-macosx_11_0_arm64.whl", hash = "sha256:c9dcde3968b921654bde999468e97d03031f28668bc1fc145c81d8bedb0fb2a4", size = 6100793, upload-time = "2026-02-24T23:03:32.734Z" },
    { url = "https://files.pythonhosted.org/packages/b4/c5/17fea68f4cb280c217cbd65534664722c9c9b0138c2754e20c235d70b5f4/granian-2.7.2-cp314-cp314-manylinux_2_17_armv7l.manylinux2014_armv7l.whl", hash = "sha256:6d4d78408283ec51f0fb00557856b4593947ad5b48287c04e1c22764a0ac28a5", size = 7119810, upload-time = "2026-02-24T23:03:34.807Z" },
    { url = "https://files.pythonhosted.org/packages/0a/76/35e240d107e0f158662652fd61191de4fb0c2c080e3786ca8f16c71547b7/granian-2.7.2-cp314-cp314-manylinux_2_17_i686.manylinux2014_i686.whl", hash = "sha256:66d28b078e8087f794b83822055f95caf93d83b23f47f4efcd5e2f0f7a5d8a81", size = 6450789, upload-time = "2026-02-24T23:03:36.81Z" },
    { url = "https://files.pythonhosted.org/packages/4c/55/a6d08cfecc808149a910e51c57883ab26fad69d922dc2e76fb2d87469e2d/granian-2.7.2-cp314-cp314-manylinux_2_17_x86_64.manylinux2014_x86_64.whl", hash = "sha256:4ff7a93123ab339ba6cad51cc7141f8880ec47b152ce2491595bb08edda20106", size = 6902672, upload-time = "2026-02-24T23:03:38.655Z" },
    { url = "https://files.pythonhosted.org/packages/98/2e/c86d95f324248fcc5dcaf034c9f688b32f7a488f0b2a4a25e6673776107f/granian-2.7.2-cp314-cp314-manylinux_2_28_aarch64.whl", hash = "sha256:a52effb9889f0944f0353afd6ce5a9d9aa83826d44bbf3c8013e978a3d6ef7b7", size = 6964399, upload-time = "2026-02-24T23:03:40.459Z" },
    { url = "https://files.pythonhosted.org/packages/37/4b/44fde33fe10245a3fba76bf843c387fad2d548244345115b9d87e1c40994/granian-2.7.2-cp314-cp314-musllinux_1_1_aarch64.whl", hash = "sha256:76c987c3ca78bf7666ab053c3ed7e3af405af91b2e5ce2f1cf92634c1581e238", size = 7034929, upload-time = "2026-02-24T23:03:42.149Z" },
    { url = "https://files.pythonhosted.org/packages/90/76/38d205cb527046241a9ee4f51048bf44101c626ad4d2af16dd9d14dc1db6/granian-2.7.2-cp314-cp314-musllinux_1_1_armv7l.whl", hash = "sha256:6590f8092c2bb6614e561ba771f084cbf72ecbc38dbf9849762ac38718085c29", size = 7259609, upload-time = "2026-02-24T23:03:43.852Z" },
    { url = "https://files.pythonhosted.org/packages/00/37/04245c7259e65f1083ce193875c6c44da4c98604d3b00a264a74dd4f042b/granian-2.7.2-cp314-cp314-musllinux_1_1_x86_64.whl", hash = "sha256:7c1ce9b0c9446b680e9545e7fc95a75f0c53a25dedcf924b1750c3e5ba5bf908", size = 7073161, upload-time = "2026-02-24T23:03:45.655Z" },
    { url = "https://files.pythonhosted.org/packages/23/e4/28097a852d8f93f8e3be2014a81f03aa914b8a2c12ca761fac5ae1344b8b/granian-2.7.2-cp314-cp314-win_amd64.whl", hash = "sha256:a69cafb6518c630c84a9285674d45ea6f7342a6279dc25c6bd933b6fad5c55ab", size = 4121462, upload-time = "2026-02-24T23:03:47.322Z" },
    { url = "https://files.pythonhosted.org/packages/cc/07/0e56fb4f178e14b4c1fa1f6f00586ca81761ccbe2d8803f2c12b6b17a7d6/granian-2.7.2-cp314-cp314t-macosx_10_12_x86_64.whl", hash = "sha256:a698d9b662d5648c8ae3dc01ad01688e1a8afc3525e431e7cddb841c53e5e291", size = 6415279, upload-time = "2026-02-24T23:03:48.932Z" },
    { url = "https://files.pythonhosted.org/packages/27/bc/3e69305bf34806cd852f4683deec844a2cb9a4d8888d7f172b507f6080a8/granian-2.7.2-cp314-cp314t-macosx_11_0_arm64.whl", hash = "sha256:17516095b520b3c039ddbe41a6beb2c59d554b668cc229d36d82c93154a799af", size = 6090528, upload-time = "2026-02-24T23:03:50.52Z" },
    { url = "https://files.pythonhosted.org/packages/ec/10/7d58a922b44417a6207c0a3230b0841cd7385a36fc518ac15fed16ebf6f7/granian-2.7.2-cp314-cp314t-manylinux_2_12_i686.manylinux2010_i686.whl", hash = "sha256:96b0fd9eac60f939b3cbe44c8f32a42fdb7c1a1a9e07ca89e7795cdc7a606beb", size = 6252291, upload-time = "2026-02-24T23:03:52.248Z" },
    { url = "https://files.pythonhosted.org/packages/54/56/65776c6d759dcef9cce15bc11bdea2c64fe668088faf35d87916bd88f595/granian-2.7.2-cp314-cp314t-manylinux_2_17_armv7l.manylinux2014_armv7l.whl", hash = "sha256:e50fb13e053384b8bd3823d4967606c6fd89f2b0d20e64de3ae212b85ffdfed2", size = 7106748, upload-time = "2026-02-24T23:03:53.994Z" },
    { url = "https://files.pythonhosted.org/packages/81/ee/d9ed836316607401f158ac264a3f770469d1b1edbf119402777a9eff1833/granian-2.7.2-cp314-cp314t-manylinux_2_17_x86_64.manylinux2014_x86_64.whl", hash = "sha256:9bb1ef13125bc05ab2e18869ed311beaeb085a4c4c195d55d0865f5753a4c0b4", size = 6778883, upload-time = "2026-02-24T23:03:55.574Z" },
    { url = "https://files.pythonhosted.org/packages/a1/46/eabab80e07a14527c336dec6d902329399f3ba2b82dc94b6435651021359/granian-2.7.2-cp314-cp314t-manylinux_2_28_aarch64.whl", hash = "sha256:b1c77189335070c6ba6b8d158518fde4c50f892753620f0b22a7552ad4347143", size = 6903426, upload-time = "2026-02-24T23:03:57.296Z" },
    { url = "https://files.pythonhosted.org/packages/24/8a/8ce186826066f6d453316229383a5be3b0b8a4130146c21f321ee64fe2cb/granian-2.7.2-cp314-cp314t-musllinux_1_1_aarch64.whl", hash = "sha256:1777166c3c853eed4440adb3cbbf34bba2b77d595bfc143a5826904a80b22f34", size = 7083877, upload-time = "2026-02-24T23:03:59.425Z" },
    { url = "https://files.pythonhosted.org/packages/cf/eb/91ed4646ce1c920ad39db0bcddb6f4755e1823002b14fb026104e3eb8bce/granian-2.7.2-cp314-cp314t-musllinux_1_1_armv7l.whl", hash = "sha256:0ffac19208ae548f3647c849579b803beaed2b50dfb0f3790ad26daac0033484", size = 7267282, upload-time = "2026-02-24T23:04:01.218Z" },
    { url = "https://files.pythonhosted.org/packages/49/2f/58cba479254530ab09132e150e4ab55362f6e875d9e82b6790477843e0aa/granian-2.7.2-cp314-cp314t-musllinux_1_1_x86_64.whl", hash = "sha256:82f34e78c1297bf5a1b6a5097e30428db98b59fce60a7387977b794855c0c3bc", size = 7054941, upload-time = "2026-02-24T23:04:03.211Z" },
    { url = "https://files.pythonhosted.org/packages/29/b3/fd13123ac936a4f79f1ba20ad67328a8d09d586262b8f28cc1cfaa555213/granian-2.7.2-cp314-cp314t-win_amd64.whl", hash = "sha256:e8b87d7ada696eec7e9023974665c83cec978cb83c205eae8fe377de20622f25", size = 4101983, upload-time = "2026-02-24T23:04:04.792Z" },
]

[package.optional-dependencies]
uvloop = [
    { name = "uvloop", marker = "platform_python_implementation == 'CPython' and sys_platform != 'win32'" },
]

[[package]]
name = "h11"
version = "0.16.0"
source = { registry = "https://pypi.org/simple" }
sdist = { url = "https://files.pythonhosted.org/packages/01/ee/02a2c011bdab74c6fb3c75474d40b3052059d95df7e73351460c8588d963/h11-0.16.0.tar.gz", hash = "sha256:4e35b956cf45792e4caa5885e69fba00bdbc6ffafbfa020300e549b208ee5ff1", size = 101250, upload-time = "2025-04-24T03:35:25.427Z" }
wheels = [
    { url = "https://files.pythonhosted.org/packages/04/4b/29cac41a4d98d144bf5f6d33995617b185d14b22401f75ca86f384e87ff1/h11-0.16.0-py3-none-any.whl", hash = "sha256:63cf8bbe7522de3bf65932fda1d9c2772064ffb3dae62d55932da54b31cb6c86", size = 37515, upload-time = "2025-04-24T03:35:24.344Z" },
]

[[package]]
name = "httpcore"
version = "1.0.9"
source = { registry = "https://pypi.org/simple" }
dependencies = [
    { name = "certifi" },
    { name = "h11" },
]
sdist = { url = "https://files.pythonhosted.org/packages/06/94/82699a10bca87a5556c9c59b5963f2d039dbd239f25bc2a63907a05a14cb/httpcore-1.0.9.tar.gz", hash = "sha256:6e34463af53fd2ab5d807f399a9b45ea31c3dfa2276f15a2c3f00afff6e176e8", size = 85484, upload-time = "2025-04-24T22:06:22.219Z" }
wheels = [
    { url = "https://files.pythonhosted.org/packages/7e/f5/f66802a942d491edb555dd61e3a9961140fd64c90bce1eafd741609d334d/httpcore-1.0.9-py3-none-any.whl", hash = "sha256:2d400746a40668fc9dec9810239072b40b4484b640a8c38fd654a024c7a1bf55", size = 78784, upload-time = "2025-04-24T22:06:20.566Z" },
]

[[package]]
name = "httpx"
version = "0.28.1"
source = { registry = "https://pypi.org/simple" }
dependencies = [
    { name = "anyio" },
    { name = "certifi" },
    { name = "httpcore" },
    { name = "idna" },
]
sdist = { url = "https://files.pythonhosted.org/packages/b1/df/48c586a5fe32a0f01324ee087459e112ebb7224f646c0b5023f5e79e9956/httpx-0.28.1.tar.gz", hash = "sha256:75e98c5f16b0f35b567856f597f06ff2270a374470a5c2392242528e3e3e42fc", size = 141406, upload-time = "2024-12-06T15:37:23.222Z" }
wheels = [
    { url = "https://files.pythonhosted.org/packages/2a/39/e50c7c3a983047577ee07d2a9e53faf5a69493943ec3f6a384bdc792deb2/httpx-0.28.1-py3-none-any.whl", hash = "sha256:d909fcccc110f8c7faf814ca82a9a4d816bc5a6dbfea25d6591d6985b8ba59ad", size = 73517, upload-time = "2024-12-06T15:37:21.509Z" },
]

[[package]]
name = "idna"
version = "3.11"
source = { registry = "https://pypi.org/simple" }
sdist = { url = "https://files.pythonhosted.org/packages/6f/6d/0703ccc57f3a7233505399edb88de3cbd678da106337b9fcde432b65ed60/idna-3.11.tar.gz", hash = "sha256:795dafcc9c04ed0c1fb032c2aa73654d8e8c5023a7df64a53f39190ada629902", size = 194582, upload-time = "2025-10-12T14:55:20.501Z" }
wheels = [
    { url = "https://files.pythonhosted.org/packages/0e/61/66938bbb5fc52dbdf84594873d5b51fb1f7c7794e9c0f5bd885f30bc507b/idna-3.11-py3-none-any.whl", hash = "sha256:771a87f49d9defaf64091e6e6fe9c18d4833f140bd19464795bc32d966ca37ea", size = 71008, upload-time = "2025-10-12T14:55:18.883Z" },
]

[[package]]
name = "iniconfig"
version = "2.3.0"
source = { registry = "https://pypi.org/simple" }
sdist = { url = "https://files.pythonhosted.org/packages/72/34/14ca021ce8e5dfedc35312d08ba8bf51fdd999c576889fc2c24cb97f4f10/iniconfig-2.3.0.tar.gz", hash = "sha256:c76315c77db068650d49c5b56314774a7804df16fee4402c1f19d6d15d8c4730", size = 20503, upload-time = "2025-10-18T21:55:43.219Z" }
wheels = [
    { url = "https://files.pythonhosted.org/packages/cb/b1/3846dd7f199d53cb17f49cba7e651e9ce294d8497c8c150530ed11865bb8/iniconfig-2.3.0-py3-none-any.whl", hash = "sha256:f631c04d2c48c52b84d0d0549c99ff3859c98df65b3101406327ecc7d53fbf12", size = 7484, upload-time = "2025-10-18T21:55:41.639Z" },
]

[[package]]
name = "loguru"
version = "0.7.3"
source = { registry = "https://pypi.org/simple" }
dependencies = [
    { name = "colorama", marker = "sys_platform == 'win32'" },
    { name = "win32-setctime", marker = "sys_platform == 'win32'" },
]
sdist = { url = "https://files.pythonhosted.org/packages/3a/05/a1dae3dffd1116099471c643b8924f5aa6524411dc6c63fdae648c4f1aca/loguru-0.7.3.tar.gz", hash = "sha256:19480589e77d47b8d85b2c827ad95d49bf31b0dcde16593892eb51dd18706eb6", size = 63559, upload-time = "2024-12-06T11:20:56.608Z" }
wheels = [
    { url = "https://files.pythonhosted.org/packages/0c/29/0348de65b8cc732daa3e33e67806420b2ae89bdce2b04af740289c5c6c8c/loguru-0.7.3-py3-none-any.whl", hash = "sha256:31a33c10c8e1e10422bfd431aeb5d351c7cf7fa671e3c4df004162264b28220c", size = 61595, upload-time = "2024-12-06T11:20:54.538Z" },
]

[[package]]
name = "packaging"
version = "26.0"
source = { registry = "https://pypi.org/simple" }
sdist = { url = "https://files.pythonhosted.org/packages/65/ee/299d360cdc32edc7d2cf530f3accf79c4fca01e96ffc950d8a52213bd8e4/packaging-26.0.tar.gz", hash = "sha256:00243ae351a257117b6a241061796684b084ed1c516a08c48a3f7e147a9d80b4", size = 143416, upload-time = "2026-01-21T20:50:39.064Z" }
wheels = [
    { url = "https://files.pythonhosted.org/packages/b7/b9/c538f279a4e237a006a2c98387d081e9eb060d203d8ed34467cc0f0b9b53/packaging-26.0-py3-none-any.whl", hash = "sha256:b36f1fef9334a5588b4166f8bcd26a14e521f2b55e6b9de3aaa80d3ff7a37529", size = 74366, upload-time = "2026-01-21T20:50:37.788Z" },
]

[[package]]
name = "pluggy"
version = "1.6.0"
source = { registry = "https://pypi.org/simple" }
sdist = { url = "https://files.pythonhosted.org/packages/f9/e2/3e91f31a7d2b083fe6ef3fa267035b518369d9511ffab804f839851d2779/pluggy-1.6.0.tar.gz", hash = "sha256:7dcc130b76258d33b90f61b658791dede3486c3e6bfb003ee5c9bfb396dd22f3", size = 69412, upload-time = "2025-05-15T12:30:07.975Z" }
wheels = [
    { url = "https://files.pythonhosted.org/packages/54/20/4d324d65cc6d9205fabedc306948156824eb9f0ee1633355a8f7ec5c66bf/pluggy-1.6.0-py3-none-any.whl", hash = "sha256:e920276dd6813095e9377c0bc5566d94c932c33b27a3e3945d8389c374dd4746", size = 20538, upload-time = "2025-05-15T12:30:06.134Z" },
]

[[package]]
name = "pygments"
version = "2.20.0"
source = { registry = "https://pypi.org/simple" }
sdist = { url = "https://files.pythonhosted.org/packages/c3/b2/bc9c9196916376152d655522fdcebac55e66de6603a76a02bca1b6414f6c/pygments-2.20.0.tar.gz", hash = "sha256:6757cd03768053ff99f3039c1a36d6c0aa0b263438fcab17520b30a303a82b5f", size = 4955991, upload-time = "2026-03-29T13:29:33.898Z" }
wheels = [
    { url = "https://files.pythonhosted.org/packages/f4/7e/a72dd26f3b0f4f2bf1dd8923c85f7ceb43172af56d63c7383eb62b332364/pygments-2.20.0-py3-none-any.whl", hash = "sha256:81a9e26dd42fd28a23a2d169d86d7ac03b46e2f8b59ed4698fb4785f946d0176", size = 1231151, upload-time = "2026-03-29T13:29:30.038Z" },
]

[[package]]
name = "pytest"
version = "9.0.2"
source = { registry = "https://pypi.org/simple" }
dependencies = [
    { name = "colorama", marker = "sys_platform == 'win32'" },
    { name = "iniconfig" },
    { name = "packaging" },
    { name = "pluggy" },
    { name = "pygments" },
]
sdist = { url = "https://files.pythonhosted.org/packages/d1/db/7ef3487e0fb0049ddb5ce41d3a49c235bf9ad299b6a25d5780a89f19230f/pytest-9.0.2.tar.gz", hash = "sha256:75186651a92bd89611d1d9fc20f0b4345fd827c41ccd5c299a868a05d70edf11", size = 1568901, upload-time = "2025-12-06T21:30:51.014Z" }
wheels = [
    { url = "https://files.pythonhosted.org/packages/3b/ab/b3226f0bd7cdcf710fbede2b3548584366da3b19b5021e74f5bde2a8fa3f/pytest-9.0.2-py3-none-any.whl", hash = "sha256:711ffd45bf766d5264d487b917733b453d917afd2b0ad65223959f59089f875b", size = 374801, upload-time = "2025-12-06T21:30:49.154Z" },
]

[[package]]
name = "pytest-asyncio"
version = "1.3.0"
source = { registry = "https://pypi.org/simple" }
dependencies = [
    { name = "pytest" },
    { name = "typing-extensions", marker = "python_full_version < '3.13'" },
]
sdist = { url = "https://files.pythonhosted.org/packages/90/2c/8af215c0f776415f3590cac4f9086ccefd6fd463befeae41cd4d3f193e5a/pytest_asyncio-1.3.0.tar.gz", hash = "sha256:d7f52f36d231b80ee124cd216ffb19369aa168fc10095013c6b014a34d3ee9e5", size = 50087, upload-time = "2025-11-10T16:07:47.256Z" }
wheels = [
    { url = "https://files.pythonhosted.org/packages/e5/35/f8b19922b6a25bc0880171a2f1a003eaeb93657475193ab516fd87cac9da/pytest_asyncio-1.3.0-py3-none-any.whl", hash = "sha256:611e26147c7f77640e6d0a92a38ed17c3e9848063698d5c93d5aa7aa11cebff5", size = 15075, upload-time = "2025-11-10T16:07:45.537Z" },
]

[[package]]
name = "respx"
version = "0.22.0"
source = { registry = "https://pypi.org/simple" }
dependencies = [
    { name = "httpx" },
]
sdist = { url = "https://files.pythonhosted.org/packages/f4/7c/96bd0bc759cf009675ad1ee1f96535edcb11e9666b985717eb8c87192a95/respx-0.22.0.tar.gz", hash = "sha256:3c8924caa2a50bd71aefc07aa812f2466ff489f1848c96e954a5362d17095d91", size = 28439, upload-time = "2024-12-19T22:33:59.374Z" }
wheels = [
    { url = "https://files.pythonhosted.org/packages/8e/67/afbb0978d5399bc9ea200f1d4489a23c9a1dad4eee6376242b8182389c79/respx-0.22.0-py2.py3-none-any.whl", hash = "sha256:631128d4c9aba15e56903fb5f66fb1eff412ce28dd387ca3a81339e52dbd3ad0", size = 25127, upload-time = "2024-12-19T22:33:57.837Z" },
]

[[package]]
name = "ruff"
version = "0.15.8"
source = { registry = "https://pypi.org/simple" }
sdist = { url = "https://files.pythonhosted.org/packages/14/b0/73cf7550861e2b4824950b8b52eebdcc5adc792a00c514406556c5b80817/ruff-0.15.8.tar.gz", hash = "sha256:995f11f63597ee362130d1d5a327a87cb6f3f5eae3094c620bcc632329a4d26e", size = 4610921, upload-time = "2026-03-26T18:39:38.675Z" }
wheels = [
    { url = "https://files.pythonhosted.org/packages/4a/92/c445b0cd6da6e7ae51e954939cb69f97e008dbe750cfca89b8cedc081be7/ruff-0.15.8-py3-none-linux_armv6l.whl", hash = "sha256:cbe05adeba76d58162762d6b239c9056f1a15a55bd4b346cfd21e26cd6ad7bc7", size = 10527394, upload-time = "2026-03-26T18:39:41.566Z" },
    { url = "https://files.pythonhosted.org/packages/eb/92/f1c662784d149ad1414cae450b082cf736430c12ca78367f20f5ed569d65/ruff-0.15.8-py3-none-macosx_10_12_x86_64.whl", hash = "sha256:d3e3d0b6ba8dca1b7ef9ab80a28e840a20070c4b62e56d675c24f366ef330570", size = 10905693, upload-time = "2026-03-26T18:39:30.364Z" },
    { url = "https://files.pythonhosted.org/packages/ca/f2/7a631a8af6d88bcef997eb1bf87cc3da158294c57044aafd3e17030613de/ruff-0.15.8-py3-none-macosx_11_0_arm64.whl", hash = "sha256:6ee3ae5c65a42f273f126686353f2e08ff29927b7b7e203b711514370d500de3", size = 10323044, upload-time = "2026-03-26T18:39:33.37Z" },
    { url = "https://files.pythonhosted.org/packages/67/18/1bf38e20914a05e72ef3b9569b1d5c70a7ef26cd188d69e9ca8ef588d5bf/ruff-0.15.8-py3-none-manylinux_2_17_aarch64.manylinux2014_aarch64.whl", hash = "sha256:fdce027ada77baa448077ccc6ebb2fa9c3c62fd110d8659d601cf2f475858d94", size = 10629135, upload-time = "2026-03-26T18:39:44.142Z" },
    { url = "https://files.pythonhosted.org/packages/d2/e9/138c150ff9af60556121623d41aba18b7b57d95ac032e177b6a53789d279/ruff-0.15.8-py3-none-manylinux_2_17_armv7l.manylinux2014_armv7l.whl", hash = "sha256:12e617fc01a95e5821648a6df341d80456bd627bfab8a829f7cfc26a14a4b4a3", size = 10348041, upload-time = "2026-03-26T18:39:52.178Z" },
    { url = "https://files.pythonhosted.org/packages/02/f1/5bfb9298d9c323f842c5ddeb85f1f10ef51516ac7a34ba446c9347d898df/ruff-0.15.8-py3-none-manylinux_2_17_i686.manylinux2014_i686.whl", hash = "sha256:432701303b26416d22ba696c39f2c6f12499b89093b61360abc34bcc9bf07762", size = 11121987, upload-time = "2026-03-26T18:39:55.195Z" },
    { url = "https://files.pythonhosted.org/packages/10/11/6da2e538704e753c04e8d86b1fc55712fdbdcc266af1a1ece7a51fff0d10/ruff-0.15.8-py3-none-manylinux_2_17_ppc64le.manylinux2014_ppc64le.whl", hash = "sha256:d910ae974b7a06a33a057cb87d2a10792a3b2b3b35e33d2699fdf63ec8f6b17a", size = 11951057, upload-time = "2026-03-26T18:39:19.18Z" },
    { url = "https://files.pythonhosted.org/packages/83/f0/c9208c5fd5101bf87002fed774ff25a96eea313d305f1e5d5744698dc314/ruff-0.15.8-py3-none-manylinux_2_17_s390x.manylinux2014_s390x.whl", hash = "sha256:2033f963c43949d51e6fdccd3946633c6b37c484f5f98c3035f49c27395a8ab8", size = 11464613, upload-time = "2026-03-26T18:40:06.301Z" },
    { url = "https://files.pythonhosted.org/packages/f8/22/d7f2fabdba4fae9f3b570e5605d5eb4500dcb7b770d3217dca4428484b17/ruff-0.15.8-py3-none-manylinux_2_17_x86_64.manylinux2014_x86_64.whl", hash = "sha256:0f29b989a55572fb885b77464cf24af05500806ab4edf9a0fd8977f9759d85b1", size = 11257557, upload-time = "2026-03-26T18:39:57.972Z" },
    { url = "https://files.pythonhosted.org/packages/71/8c/382a9620038cf6906446b23ce8632ab8c0811b8f9d3e764f58bedd0c9a6f/ruff-0.15.8-py3-none-manylinux_2_31_riscv64.whl", hash = "sha256:ac51d486bf457cdc985a412fb1801b2dfd1bd8838372fc55de64b1510eff4bec", size = 11169440, upload-time = "2026-03-26T18:39:22.205Z" },
    { url = "https://files.pythonhosted.org/packages/4d/0d/0994c802a7eaaf99380085e4e40c845f8e32a562e20a38ec06174b52ef24/ruff-0.15.8-py3-none-musllinux_1_2_aarch64.whl", hash = "sha256:c9861eb959edab053c10ad62c278835ee69ca527b6dcd72b47d5c1e5648964f6", size = 10605963, upload-time = "2026-03-26T18:39:46.682Z" },
    { url = "https://files.pythonhosted.org/packages/19/aa/d624b86f5b0aad7cef6bbf9cd47a6a02dfdc4f72c92a337d724e39c9d14b/ruff-0.15.8-py3-none-musllinux_1_2_armv7l.whl", hash = "sha256:8d9a5b8ea13f26ae90838afc33f91b547e61b794865374f114f349e9036835fb", size = 10357484, upload-time = "2026-03-26T18:39:49.176Z" },
    { url = "https://files.pythonhosted.org/packages/35/c3/e0b7835d23001f7d999f3895c6b569927c4d39912286897f625736e1fd04/ruff-0.15.8-py3-none-musllinux_1_2_i686.whl", hash = "sha256:c2a33a529fb3cbc23a7124b5c6ff121e4d6228029cba374777bd7649cc8598b8", size = 10830426, upload-time = "2026-03-26T18:40:03.702Z" },
    { url = "https://files.pythonhosted.org/packages/f0/51/ab20b322f637b369383adc341d761eaaa0f0203d6b9a7421cd6e783d81b9/ruff-0.15.8-py3-none-musllinux_1_2_x86_64.whl", hash = "sha256:75e5cd06b1cf3f47a3996cfc999226b19aa92e7cce682dcd62f80d7035f98f49", size = 11345125, upload-time = "2026-03-26T18:39:27.799Z" },
    { url = "https://files.pythonhosted.org/packages/37/e6/90b2b33419f59d0f2c4c8a48a4b74b460709a557e8e0064cf33ad894f983/ruff-0.15.8-py3-none-win32.whl", hash = "sha256:bc1f0a51254ba21767bfa9a8b5013ca8149dcf38092e6a9eb704d876de94dc34", size = 10571959, upload-time = "2026-03-26T18:39:36.117Z" },
    { url = "https://files.pythonhosted.org/packages/1f/a2/ef467cb77099062317154c63f234b8a7baf7cb690b99af760c5b68b9ee7f/ruff-0.15.8-py3-none-win_amd64.whl", hash = "sha256:04f79eff02a72db209d47d665ba7ebcad609d8918a134f86cb13dd132159fc89", size = 11743893, upload-time = "2026-03-26T18:39:25.01Z" },
    { url = "https://files.pythonhosted.org/packages/15/e2/77be4fff062fa78d9b2a4dea85d14785dac5f1d0c1fb58ed52331f0ebe28/ruff-0.15.8-py3-none-win_arm64.whl", hash = "sha256:cf891fa8e3bb430c0e7fac93851a5978fc99c8fa2c053b57b118972866f8e5f2", size = 11048175, upload-time = "2026-03-26T18:40:01.06Z" },
]

[[package]]
name = "starlette"
version = "1.0.0"
source = { registry = "https://pypi.org/simple" }
dependencies = [
    { name = "anyio" },
    { name = "typing-extensions", marker = "python_full_version < '3.13'" },
]
sdist = { url = "https://files.pythonhosted.org/packages/81/69/17425771797c36cded50b7fe44e850315d039f28b15901ab44839e70b593/starlette-1.0.0.tar.gz", hash = "sha256:6a4beaf1f81bb472fd19ea9b918b50dc3a77a6f2e190a12954b25e6ed5eea149", size = 2655289, upload-time = "2026-03-22T18:29:46.779Z" }
wheels = [
    { url = "https://files.pythonhosted.org/packages/0b/c9/584bc9651441b4ba60cc4d557d8a547b5aff901af35bda3a4ee30c819b82/starlette-1.0.0-py3-none-any.whl", hash = "sha256:d3ec55e0bb321692d275455ddfd3df75fff145d009685eb40dc91fc66b03d38b", size = 72651, upload-time = "2026-03-22T18:29:45.111Z" },
]

[[package]]
name = "switchyard"
version = "0.1.0"
source = { editable = "." }
dependencies = [
    { name = "granian", extra = ["uvloop"] },
    { name = "httpx" },
    { name = "loguru" },
    { name = "starlette" },
]

[package.dev-dependencies]
dev = [
    { name = "pytest" },
    { name = "pytest-asyncio" },
    { name = "respx" },
    { name = "ruff" },
]

[package.metadata]
requires-dist = [
    { name = "granian", extras = ["uvloop"], specifier = ">=1.6" },
    { name = "httpx", specifier = ">=0.27" },
    { name = "loguru", specifier = ">=0.7" },
    { name = "starlette", specifier = ">=0.40" },
]

[package.metadata.requires-dev]
dev = [
    { name = "pytest", specifier = ">=8" },
    { name = "pytest-asyncio", specifier = ">=0.24" },
    { name = "respx", specifier = ">=0.22" },
    { name = "ruff", specifier = ">=0.8" },
]

[[package]]
name = "typing-extensions"
version = "4.15.0"
source = { registry = "https://pypi.org/simple" }
sdist = { url = "https://files.pythonhosted.org/packages/72/94/1a15dd82efb362ac84269196e94cf00f187f7ed21c242792a923cdb1c61f/typing_extensions-4.15.0.tar.gz", hash = "sha256:0cea48d173cc12fa28ecabc3b837ea3cf6f38c6d1136f85cbaaf598984861466", size = 109391, upload-time = "2025-08-25T13:49:26.313Z" }
wheels = [
    { url = "https://files.pythonhosted.org/packages/18/67/36e9267722cc04a6b9f15c7f3441c2363321a3ea07da7ae0c0707beb2a9c/typing_extensions-4.15.0-py3-none-any.whl", hash = "sha256:f0fa19c6845758ab08074a0cfa8b7aecb71c999ca73d62883bc25cc018c4e548", size = 44614, upload-time = "2025-08-25T13:49:24.86Z" },
]

[[package]]
name = "uvloop"
version = "0.22.1"
source = { registry = "https://pypi.org/simple" }
sdist = { url = "https://files.pythonhosted.org/packages/06/f0/18d39dbd1971d6d62c4629cc7fa67f74821b0dc1f5a77af43719de7936a7/uvloop-0.22.1.tar.gz", hash = "sha256:6c84bae345b9147082b17371e3dd5d42775bddce91f885499017f4607fdaf39f", size = 2443250, upload-time = "2025-10-16T22:17:19.342Z" }
wheels = [
    { url = "https://files.pythonhosted.org/packages/3d/ff/7f72e8170be527b4977b033239a83a68d5c881cc4775fca255c677f7ac5d/uvloop-0.22.1-cp312-cp312-macosx_10_13_universal2.whl", hash = "sha256:fe94b4564e865d968414598eea1a6de60adba0c040ba4ed05ac1300de402cd42", size = 1359936, upload-time = "2025-10-16T22:16:29.436Z" },
    { url = "https://files.pythonhosted.org/packages/c3/c6/e5d433f88fd54d81ef4be58b2b7b0cea13c442454a1db703a1eea0db1a59/uvloop-0.22.1-cp312-cp312-macosx_10_13_x86_64.whl", hash = "sha256:51eb9bd88391483410daad430813d982010f9c9c89512321f5b60e2cddbdddd6", size = 752769, upload-time = "2025-10-16T22:16:30.493Z" },
    { url = "https://files.pythonhosted.org/packages/24/68/a6ac446820273e71aa762fa21cdcc09861edd3536ff47c5cd3b7afb10eeb/uvloop-0.22.1-cp312-cp312-manylinux2014_aarch64.manylinux_2_17_aarch64.manylinux_2_28_aarch64.whl", hash = "sha256:700e674a166ca5778255e0e1dc4e9d79ab2acc57b9171b79e65feba7184b3370", size = 4317413, upload-time = "2025-10-16T22:16:31.644Z" },
    { url = "https://files.pythonhosted.org/packages/5f/6f/e62b4dfc7ad6518e7eff2516f680d02a0f6eb62c0c212e152ca708a0085e/uvloop-0.22.1-cp312-cp312-manylinux2014_x86_64.manylinux_2_17_x86_64.manylinux_2_28_x86_64.whl", hash = "sha256:7b5b1ac819a3f946d3b2ee07f09149578ae76066d70b44df3fa990add49a82e4", size = 4426307, upload-time = "2025-10-16T22:16:32.917Z" },
    { url = "https://files.pythonhosted.org/packages/90/60/97362554ac21e20e81bcef1150cb2a7e4ffdaf8ea1e5b2e8bf7a053caa18/uvloop-0.22.1-cp312-cp312-musllinux_1_2_aarch64.whl", hash = "sha256:e047cc068570bac9866237739607d1313b9253c3051ad84738cbb095be0537b2", size = 4131970, upload-time = "2025-10-16T22:16:34.015Z" },
    { url = "https://files.pythonhosted.org/packages/99/39/6b3f7d234ba3964c428a6e40006340f53ba37993f46ed6e111c6e9141d18/uvloop-0.22.1-cp312-cp312-musllinux_1_2_x86_64.whl", hash = "sha256:512fec6815e2dd45161054592441ef76c830eddaad55c8aa30952e6fe1ed07c0", size = 4296343, upload-time = "2025-10-16T22:16:35.149Z" },
    { url = "https://files.pythonhosted.org/packages/89/8c/182a2a593195bfd39842ea68ebc084e20c850806117213f5a299dfc513d9/uvloop-0.22.1-cp313-cp313-macosx_10_13_universal2.whl", hash = "sha256:561577354eb94200d75aca23fbde86ee11be36b00e52a4eaf8f50fb0c86b7705", size = 1358611, upload-time = "2025-10-16T22:16:36.833Z" },
    { url = "https://files.pythonhosted.org/packages/d2/14/e301ee96a6dc95224b6f1162cd3312f6d1217be3907b79173b06785f2fe7/uvloop-0.22.1-cp313-cp313-macosx_10_13_x86_64.whl", hash = "sha256:1cdf5192ab3e674ca26da2eada35b288d2fa49fdd0f357a19f0e7c4e7d5077c8", size = 751811, upload-time = "2025-10-16T22:16:38.275Z" },
    { url = "https://files.pythonhosted.org/packages/b7/02/654426ce265ac19e2980bfd9ea6590ca96a56f10c76e63801a2df01c0486/uvloop-0.22.1-cp313-cp313-manylinux2014_aarch64.manylinux_2_17_aarch64.manylinux_2_28_aarch64.whl", hash = "sha256:6e2ea3d6190a2968f4a14a23019d3b16870dd2190cd69c8180f7c632d21de68d", size = 4288562, upload-time = "2025-10-16T22:16:39.375Z" },
    { url = "https://files.pythonhosted.org/packages/15/c0/0be24758891ef825f2065cd5db8741aaddabe3e248ee6acc5e8a80f04005/uvloop-0.22.1-cp313-cp313-manylinux2014_x86_64.manylinux_2_17_x86_64.manylinux_2_28_x86_64.whl", hash = "sha256:0530a5fbad9c9e4ee3f2b33b148c6a64d47bbad8000ea63704fa8260f4cf728e", size = 4366890, upload-time = "2025-10-16T22:16:40.547Z" },
    { url = "https://files.pythonhosted.org/packages/d2/53/8369e5219a5855869bcee5f4d317f6da0e2c669aecf0ef7d371e3d084449/uvloop-0.22.1-cp313-cp313-musllinux_1_2_aarch64.whl", hash = "sha256:bc5ef13bbc10b5335792360623cc378d52d7e62c2de64660616478c32cd0598e", size = 4119472, upload-time = "2025-10-16T22:16:41.694Z" },
    { url = "https://files.pythonhosted.org/packages/f8/ba/d69adbe699b768f6b29a5eec7b47dd610bd17a69de51b251126a801369ea/uvloop-0.22.1-cp313-cp313-musllinux_1_2_x86_64.whl", hash = "sha256:1f38ec5e3f18c8a10ded09742f7fb8de0108796eb673f30ce7762ce1b8550cad", size = 4239051, upload-time = "2025-10-16T22:16:43.224Z" },
    { url = "https://files.pythonhosted.org/packages/90/cd/b62bdeaa429758aee8de8b00ac0dd26593a9de93d302bff3d21439e9791d/uvloop-0.22.1-cp314-cp314-macosx_10_13_universal2.whl", hash = "sha256:3879b88423ec7e97cd4eba2a443aa26ed4e59b45e6b76aabf13fe2f27023a142", size = 1362067, upload-time = "2025-10-16T22:16:44.503Z" },
    { url = "https://files.pythonhosted.org/packages/0d/f8/a132124dfda0777e489ca86732e85e69afcd1ff7686647000050ba670689/uvloop-0.22.1-cp314-cp314-macosx_10_13_x86_64.whl", hash = "sha256:4baa86acedf1d62115c1dc6ad1e17134476688f08c6efd8a2ab076e815665c74", size = 752423, upload-time = "2025-10-16T22:16:45.968Z" },
    { url = "https://files.pythonhosted.org/packages/a3/94/94af78c156f88da4b3a733773ad5ba0b164393e357cc4bd0ab2e2677a7d6/uvloop-0.22.1-cp314-cp314-manylinux2014_aarch64.manylinux_2_17_aarch64.manylinux_2_28_aarch64.whl", hash = "sha256:297c27d8003520596236bdb2335e6b3f649480bd09e00d1e3a99144b691d2a35", size = 4272437, upload-time = "2025-10-16T22:16:47.451Z" },
    { url = "https://files.pythonhosted.org/packages/b5/35/60249e9fd07b32c665192cec7af29e06c7cd96fa1d08b84f012a56a0b38e/uvloop-0.22.1-cp314-cp314-manylinux2014_x86_64.manylinux_2_17_x86_64.manylinux_2_28_x86_64.whl", hash = "sha256:c1955d5a1dd43198244d47664a5858082a3239766a839b2102a269aaff7a4e25", size = 4292101, upload-time = "2025-10-16T22:16:49.318Z" },
    { url = "https://files.pythonhosted.org/packages/02/62/67d382dfcb25d0a98ce73c11ed1a6fba5037a1a1d533dcbb7cab033a2636/uvloop-0.22.1-cp314-cp314-musllinux_1_2_aarch64.whl", hash = "sha256:b31dc2fccbd42adc73bc4e7cdbae4fc5086cf378979e53ca5d0301838c5682c6", size = 4114158, upload-time = "2025-10-16T22:16:50.517Z" },
    { url = "https://files.pythonhosted.org/packages/f0/7a/f1171b4a882a5d13c8b7576f348acfe6074d72eaf52cccef752f748d4a9f/uvloop-0.22.1-cp314-cp314-musllinux_1_2_x86_64.whl", hash = "sha256:93f617675b2d03af4e72a5333ef89450dfaa5321303ede6e67ba9c9d26878079", size = 4177360, upload-time = "2025-10-16T22:16:52.646Z" },
    { url = "https://files.pythonhosted.org/packages/79/7b/b01414f31546caf0919da80ad57cbfe24c56b151d12af68cee1b04922ca8/uvloop-0.22.1-cp314-cp314t-macosx_10_13_universal2.whl", hash = "sha256:37554f70528f60cad66945b885eb01f1bb514f132d92b6eeed1c90fd54ed6289", size = 1454790, upload-time = "2025-10-16T22:16:54.355Z" },
    { url = "https://files.pythonhosted.org/packages/d4/31/0bb232318dd838cad3fa8fb0c68c8b40e1145b32025581975e18b11fab40/uvloop-0.22.1-cp314-cp314t-macosx_10_13_x86_64.whl", hash = "sha256:b76324e2dc033a0b2f435f33eb88ff9913c156ef78e153fb210e03c13da746b3", size = 796783, upload-time = "2025-10-16T22:16:55.906Z" },
    { url = "https://files.pythonhosted.org/packages/42/38/c9b09f3271a7a723a5de69f8e237ab8e7803183131bc57c890db0b6bb872/uvloop-0.22.1-cp314-cp314t-manylinux2014_aarch64.manylinux_2_17_aarch64.manylinux_2_28_aarch64.whl", hash = "sha256:badb4d8e58ee08dad957002027830d5c3b06aea446a6a3744483c2b3b745345c", size = 4647548, upload-time = "2025-10-16T22:16:57.008Z" },
    { url = "https://files.pythonhosted.org/packages/c1/37/945b4ca0ac27e3dc4952642d4c900edd030b3da6c9634875af6e13ae80e5/uvloop-0.22.1-cp314-cp314t-manylinux2014_x86_64.manylinux_2_17_x86_64.manylinux_2_28_x86_64.whl", hash = "sha256:b91328c72635f6f9e0282e4a57da7470c7350ab1c9f48546c0f2866205349d21", size = 4467065, upload-time = "2025-10-16T22:16:58.206Z" },
    { url = "https://files.pythonhosted.org/packages/97/cc/48d232f33d60e2e2e0b42f4e73455b146b76ebe216487e862700457fbf3c/uvloop-0.22.1-cp314-cp314t-musllinux_1_2_aarch64.whl", hash = "sha256:daf620c2995d193449393d6c62131b3fbd40a63bf7b307a1527856ace637fe88", size = 4328384, upload-time = "2025-10-16T22:16:59.36Z" },
    { url = "https://files.pythonhosted.org/packages/e4/16/c1fd27e9549f3c4baf1dc9c20c456cd2f822dbf8de9f463824b0c0357e06/uvloop-0.22.1-cp314-cp314t-musllinux_1_2_x86_64.whl", hash = "sha256:6cde23eeda1a25c75b2e07d39970f3374105d5eafbaab2a4482be82f272d5a5e", size = 4296730, upload-time = "2025-10-16T22:17:00.744Z" },
]

[[package]]
name = "win32-setctime"
version = "1.2.0"
source = { registry = "https://pypi.org/simple" }
sdist = { url = "https://files.pythonhosted.org/packages/b3/8f/705086c9d734d3b663af0e9bb3d4de6578d08f46b1b101c2442fd9aecaa2/win32_setctime-1.2.0.tar.gz", hash = "sha256:ae1fdf948f5640aae05c511ade119313fb6a30d7eabe25fef9764dca5873c4c0", size = 4867, upload-time = "2024-12-07T15:28:28.314Z" }
wheels = [
    { url = "https://files.pythonhosted.org/packages/e1/07/c6fe3ad3e685340704d314d765b7912993bcb8dc198f0e7a89382d37974b/win32_setctime-1.2.0-py3-none-any.whl", hash = "sha256:95d644c4e708aba81dc3704a116d8cbc974d70b3bdb8be1d150e36be6e9d1390", size = 4083, upload-time = "2024-12-07T15:28:26.465Z" },
]
